
Microsoft Visual Studio Solution File, Format Version 12.00
# Visual Studio 2015
Project("{FAE04EC0-301F-11D3-BF4B-00C04F79EFBC}") = "Spaceship game.CSharp", "Spaceship game.CSharp.csproj", "{3BCA9C9C-4EBE-5FEC-4C74-A8E4810E10E3}"
EndProject
Project("{FAE04EC0-301F-11D3-BF4B-00C04F79EFBC}") = "Spaceship game.CSharp.Editor", "Spaceship game.CSharp.Editor.csproj", "{41D224E4-AC77-3A49-664E-42F34D8F91D2}"
EndProject
Global
	GlobalSection(SolutionConfigurationPlatforms) = preSolution
		Debug|Any CPU = Debug|Any CPU
		Release|Any CPU = Release|Any CPU
	EndGlobalSection
	GlobalSection(ProjectConfigurationPlatforms) = postSolution
		{3BCA9C9C-4EBE-5FEC-4C74-A8E4810E10E3}.Debug|Any CPU.ActiveCfg = Debug|Any CPU
		{3BCA9C9C-4EBE-5FEC-4C74-A8E4810E10E3}.Debug|Any CPU.Build.0 = Debug|Any CPU
		{3BCA9C9C-4EBE-5FEC-4C74-A8E4810E10E3}.Release|Any CPU.ActiveCfg = Release|Any CPU
		{3BCA9C9C-4EBE-5FEC-4C74-A8E4810E10E3}.Release|Any CPU.Build.0 = Release|Any CPU
		{41D224E4-AC77-3A49-664E-42F34D8F91D2}.Debug|Any CPU.ActiveCfg = Debug|Any CPU
		{41D224E4-AC77-3A49-664E-42F34D8F91D2}.Debug|Any CPU.Build.0 = Debug|Any CPU
		{41D224E4-AC77-3A49-664E-42F34D8F91D2}.Release|Any CPU.ActiveCfg = Release|Any CPU
		{41D224E4-AC77-3A49-664E-42F34D8F91D2}.Release|Any CPU.Build.0 = Release|Any CPU
	EndGlobalSection
	GlobalSection(SolutionProperties) = preSolution
		HideSolutionNode = FALSE
	EndGlobalSection
EndGlobal
